%{
  "aten": {:hex, :aten, "0.5.7", "f88eb38ceadc0710b84b5d78f0357d766733d80902d50ac69b70cdf834992daa", [:rebar3], [], "hexpm", "8b623c8be27b59a911d16ab0af41777b504c147bc0d60a29015fab58321c04b0"},
  "gen_batch_server": {:hex, :gen_batch_server, "0.8.6", "712e589a644afb1df4ee7b3a3e6182280086631ed5c3283394a27694fe16c0a9", [:rebar3], [], "hexpm", "b78679349168f27d7047f3283c9d766760b234d98c762aca9a1907f4ee3fd406"},
  "ra": {:hex, :ra, "2.0.3", "1921af5d3e853e3d294d6cf109292b1a4e0cbfc95bd5b37e28b56cdf11e67d05", [:rebar3], [{:aten, "0.5.7", [hex: :aten, repo: "hexpm", optional: false]}, {:gen_batch_server, "0.8.6", [hex: :gen_batch_server, repo: "hexpm", optional: false]}], "hexpm", "0b159c7da28fc581042f462f51b042b3fed244cdaa2b2061e6430ba6d12a3972"},
}
